
Microsoft Visual Studio Solution File, Format Version 12.00
Project("{FAE04EC0-301F-11D3-BF4B-00C04F79EFBC}") = "_01.DefineAnInterfaceIPerson", "_01.DefineAnInterfaceIPerson\_01.DefineAnInterfaceIPerson.csproj", "{39218C07-8DA2-446B-8667-A309E56AB7CD}"
EndProject
Project("{FAE04EC0-301F-11D3-BF4B-00C04F79EFBC}") = "_02.MultipleImplementation", "_02.MultipleImplementation\_02.MultipleImplementation.csproj", "{5C8E03D4-2FE1-4415-9007-07275F222844}"
EndProject
Project("{FAE04EC0-301F-11D3-BF4B-00C04F79EFBC}") = "_03.Telephony", "_03.Telephony\_03.Telephony.csproj", "{F1BB1AD9-95FF-4F38-8121-F9E79551CA7A}"
EndProject
Project("{FAE04EC0-301F-11D3-BF4B-00C04F79EFBC}") = "_04.BorderControl", "_04.BorderControl\_04.BorderControl.csproj", "{B53E393F-C07A-45F7-8A25-3F440CA9C91F}"
EndProject
Project("{FAE04EC0-301F-11D3-BF4B-00C04F79EFBC}") = "_05.BirthdayCelebrations", "_05.BirthdayCelebrations\_05.BirthdayCelebrations.csproj", "{643A95E2-0857-43DE-9757-E118A7592C08}"
EndProject
Project("{FAE04EC0-301F-11D3-BF4B-00C04F79EFBC}") = "_06.FoodShortage", "_06.FoodShortage\_06.FoodShortage.csproj", "{D74477CA-508B-459E-BF99-3C0C4FC7984D}"
EndProject
Global
	GlobalSection(SolutionConfigurationPlatforms) = preSolution
		Debug|Any CPU = Debug|Any CPU
		Release|Any CPU = Release|Any CPU
	EndGlobalSection
	GlobalSection(ProjectConfigurationPlatforms) = postSolution
		{39218C07-8DA2-446B-8667-A309E56AB7CD}.Debug|Any CPU.ActiveCfg = Debug|Any CPU
		{39218C07-8DA2-446B-8667-A309E56AB7CD}.Debug|Any CPU.Build.0 = Debug|Any CPU
		{39218C07-8DA2-446B-8667-A309E56AB7CD}.Release|Any CPU.ActiveCfg = Release|Any CPU
		{39218C07-8DA2-446B-8667-A309E56AB7CD}.Release|Any CPU.Build.0 = Release|Any CPU
		{5C8E03D4-2FE1-4415-9007-07275F222844}.Debug|Any CPU.ActiveCfg = Debug|Any CPU
		{5C8E03D4-2FE1-4415-9007-07275F222844}.Debug|Any CPU.Build.0 = Debug|Any CPU
		{5C8E03D4-2FE1-4415-9007-07275F222844}.Release|Any CPU.ActiveCfg = Release|Any CPU
		{5C8E03D4-2FE1-4415-9007-07275F222844}.Release|Any CPU.Build.0 = Release|Any CPU
		{F1BB1AD9-95FF-4F38-8121-F9E79551CA7A}.Debug|Any CPU.ActiveCfg = Debug|Any CPU
		{F1BB1AD9-95FF-4F38-8121-F9E79551CA7A}.Debug|Any CPU.Build.0 = Debug|Any CPU
		{F1BB1AD9-95FF-4F38-8121-F9E79551CA7A}.Release|Any CPU.ActiveCfg = Release|Any CPU
		{F1BB1AD9-95FF-4F38-8121-F9E79551CA7A}.Release|Any CPU.Build.0 = Release|Any CPU
		{B53E393F-C07A-45F7-8A25-3F440CA9C91F}.Debug|Any CPU.ActiveCfg = Debug|Any CPU
		{B53E393F-C07A-45F7-8A25-3F440CA9C91F}.Debug|Any CPU.Build.0 = Debug|Any CPU
		{B53E393F-C07A-45F7-8A25-3F440CA9C91F}.Release|Any CPU.ActiveCfg = Release|Any CPU
		{B53E393F-C07A-45F7-8A25-3F440CA9C91F}.Release|Any CPU.Build.0 = Release|Any CPU
		{643A95E2-0857-43DE-9757-E118A7592C08}.Debug|Any CPU.ActiveCfg = Debug|Any CPU
		{643A95E2-0857-43DE-9757-E118A7592C08}.Debug|Any CPU.Build.0 = Debug|Any CPU
		{643A95E2-0857-43DE-9757-E118A7592C08}.Release|Any CPU.ActiveCfg = Release|Any CPU
		{643A95E2-0857-43DE-9757-E118A7592C08}.Release|Any CPU.Build.0 = Release|Any CPU
		{D74477CA-508B-459E-BF99-3C0C4FC7984D}.Debug|Any CPU.ActiveCfg = Debug|Any CPU
		{D74477CA-508B-459E-BF99-3C0C4FC7984D}.Debug|Any CPU.Build.0 = Debug|Any CPU
		{D74477CA-508B-459E-BF99-3C0C4FC7984D}.Release|Any CPU.ActiveCfg = Release|Any CPU
		{D74477CA-508B-459E-BF99-3C0C4FC7984D}.Release|Any CPU.Build.0 = Release|Any CPU
	EndGlobalSection
EndGlobal
