
Microsoft Visual Studio Solution File, Format Version 12.00
Project("{FAE04EC0-301F-11D3-BF4B-00C04F79EFBC}") = "_01.AdvertisementMessage", "_01.AdvertisementMessage\_01.AdvertisementMessage.csproj", "{8A89A1A2-68D4-4EB8-B633-E79EA174F8F2}"
EndProject
Project("{FAE04EC0-301F-11D3-BF4B-00C04F79EFBC}") = "_02. Articles", "_02. Articles\_02. Articles.csproj", "{AE94C8F0-17B6-4398-929C-72A65E36EF77}"
EndProject
Project("{FAE04EC0-301F-11D3-BF4B-00C04F79EFBC}") = "_03.Articles2.0", "_03.Articles2.0\_03.Articles2.0.csproj", "{24E50AF3-DCF3-4B91-8AAF-516DEB433D07}"
EndProject
Project("{FAE04EC0-301F-11D3-BF4B-00C04F79EFBC}") = "_04.Students", "_04.Students\_04.Students.csproj", "{2A92D19E-56B3-4A34-B522-EE2733B77C65}"
EndProject
Project("{FAE04EC0-301F-11D3-BF4B-00C04F79EFBC}") = "_06.VehicleCatalogue", "_06.VehicleCatalogue\_06.VehicleCatalogue.csproj", "{566E5968-86BD-4B80-9D83-12640FAF68F8}"
EndProject
Project("{FAE04EC0-301F-11D3-BF4B-00C04F79EFBC}") = "_07.OrderByAge", "_07.OrderByAge\_07.OrderByAge.csproj", "{B88973AF-9CF4-456F-AB81-52E4168DA681}"
EndProject
Project("{FAE04EC0-301F-11D3-BF4B-00C04F79EFBC}") = "_05.TeamworkProjects", "_05.TeamworkProjects\_05.TeamworkProjects.csproj", "{4F22F269-1F7B-4926-855B-0108F2861461}"
EndProject
Global
	GlobalSection(SolutionConfigurationPlatforms) = preSolution
		Debug|Any CPU = Debug|Any CPU
		Release|Any CPU = Release|Any CPU
	EndGlobalSection
	GlobalSection(ProjectConfigurationPlatforms) = postSolution
		{8A89A1A2-68D4-4EB8-B633-E79EA174F8F2}.Debug|Any CPU.ActiveCfg = Debug|Any CPU
		{8A89A1A2-68D4-4EB8-B633-E79EA174F8F2}.Debug|Any CPU.Build.0 = Debug|Any CPU
		{8A89A1A2-68D4-4EB8-B633-E79EA174F8F2}.Release|Any CPU.ActiveCfg = Release|Any CPU
		{8A89A1A2-68D4-4EB8-B633-E79EA174F8F2}.Release|Any CPU.Build.0 = Release|Any CPU
		{AE94C8F0-17B6-4398-929C-72A65E36EF77}.Debug|Any CPU.ActiveCfg = Debug|Any CPU
		{AE94C8F0-17B6-4398-929C-72A65E36EF77}.Debug|Any CPU.Build.0 = Debug|Any CPU
		{AE94C8F0-17B6-4398-929C-72A65E36EF77}.Release|Any CPU.ActiveCfg = Release|Any CPU
		{AE94C8F0-17B6-4398-929C-72A65E36EF77}.Release|Any CPU.Build.0 = Release|Any CPU
		{24E50AF3-DCF3-4B91-8AAF-516DEB433D07}.Debug|Any CPU.ActiveCfg = Debug|Any CPU
		{24E50AF3-DCF3-4B91-8AAF-516DEB433D07}.Debug|Any CPU.Build.0 = Debug|Any CPU
		{24E50AF3-DCF3-4B91-8AAF-516DEB433D07}.Release|Any CPU.ActiveCfg = Release|Any CPU
		{24E50AF3-DCF3-4B91-8AAF-516DEB433D07}.Release|Any CPU.Build.0 = Release|Any CPU
		{2A92D19E-56B3-4A34-B522-EE2733B77C65}.Debug|Any CPU.ActiveCfg = Debug|Any CPU
		{2A92D19E-56B3-4A34-B522-EE2733B77C65}.Debug|Any CPU.Build.0 = Debug|Any CPU
		{2A92D19E-56B3-4A34-B522-EE2733B77C65}.Release|Any CPU.ActiveCfg = Release|Any CPU
		{2A92D19E-56B3-4A34-B522-EE2733B77C65}.Release|Any CPU.Build.0 = Release|Any CPU
		{566E5968-86BD-4B80-9D83-12640FAF68F8}.Debug|Any CPU.ActiveCfg = Debug|Any CPU
		{566E5968-86BD-4B80-9D83-12640FAF68F8}.Debug|Any CPU.Build.0 = Debug|Any CPU
		{566E5968-86BD-4B80-9D83-12640FAF68F8}.Release|Any CPU.ActiveCfg = Release|Any CPU
		{566E5968-86BD-4B80-9D83-12640FAF68F8}.Release|Any CPU.Build.0 = Release|Any CPU
		{B88973AF-9CF4-456F-AB81-52E4168DA681}.Debug|Any CPU.ActiveCfg = Debug|Any CPU
		{B88973AF-9CF4-456F-AB81-52E4168DA681}.Debug|Any CPU.Build.0 = Debug|Any CPU
		{B88973AF-9CF4-456F-AB81-52E4168DA681}.Release|Any CPU.ActiveCfg = Release|Any CPU
		{B88973AF-9CF4-456F-AB81-52E4168DA681}.Release|Any CPU.Build.0 = Release|Any CPU
		{4F22F269-1F7B-4926-855B-0108F2861461}.Debug|Any CPU.ActiveCfg = Debug|Any CPU
		{4F22F269-1F7B-4926-855B-0108F2861461}.Debug|Any CPU.Build.0 = Debug|Any CPU
		{4F22F269-1F7B-4926-855B-0108F2861461}.Release|Any CPU.ActiveCfg = Release|Any CPU
		{4F22F269-1F7B-4926-855B-0108F2861461}.Release|Any CPU.Build.0 = Release|Any CPU
	EndGlobalSection
EndGlobal
