
Microsoft Visual Studio Solution File, Format Version 12.00
Project("{FAE04EC0-301F-11D3-BF4B-00C04F79EFBC}") = "SortNumbers", "SortNumbers\SortNumbers.csproj", "{73EBF1BF-B7B0-4E20-A822-7FA5BB2FD24E}"
EndProject
Project("{FAE04EC0-301F-11D3-BF4B-00C04F79EFBC}") = "EnglishNameOfTheLastDigit", "EnglishNameOfTheLastDigit\EnglishNameOfTheLastDigit.csproj", "{6D7C251F-8AC7-4623-BD72-F304689ADFD9}"
EndProject
Project("{FAE04EC0-301F-11D3-BF4B-00C04F79EFBC}") = "GamingStore", "GamingStore\GamingStore.csproj", "{D51A45D5-768C-4CB0-B994-811851E26169}"
EndProject
Project("{FAE04EC0-301F-11D3-BF4B-00C04F79EFBC}") = "ReverseString", "ReverseString\ReverseString.csproj", "{227EB93E-4CBA-4B9A-B1CF-D3C2953E4B66}"
EndProject
Global
	GlobalSection(SolutionConfigurationPlatforms) = preSolution
		Debug|Any CPU = Debug|Any CPU
		Release|Any CPU = Release|Any CPU
	EndGlobalSection
	GlobalSection(ProjectConfigurationPlatforms) = postSolution
		{73EBF1BF-B7B0-4E20-A822-7FA5BB2FD24E}.Debug|Any CPU.ActiveCfg = Debug|Any CPU
		{73EBF1BF-B7B0-4E20-A822-7FA5BB2FD24E}.Debug|Any CPU.Build.0 = Debug|Any CPU
		{73EBF1BF-B7B0-4E20-A822-7FA5BB2FD24E}.Release|Any CPU.ActiveCfg = Release|Any CPU
		{73EBF1BF-B7B0-4E20-A822-7FA5BB2FD24E}.Release|Any CPU.Build.0 = Release|Any CPU
		{6D7C251F-8AC7-4623-BD72-F304689ADFD9}.Debug|Any CPU.ActiveCfg = Debug|Any CPU
		{6D7C251F-8AC7-4623-BD72-F304689ADFD9}.Debug|Any CPU.Build.0 = Debug|Any CPU
		{6D7C251F-8AC7-4623-BD72-F304689ADFD9}.Release|Any CPU.ActiveCfg = Release|Any CPU
		{6D7C251F-8AC7-4623-BD72-F304689ADFD9}.Release|Any CPU.Build.0 = Release|Any CPU
		{D51A45D5-768C-4CB0-B994-811851E26169}.Debug|Any CPU.ActiveCfg = Debug|Any CPU
		{D51A45D5-768C-4CB0-B994-811851E26169}.Debug|Any CPU.Build.0 = Debug|Any CPU
		{D51A45D5-768C-4CB0-B994-811851E26169}.Release|Any CPU.ActiveCfg = Release|Any CPU
		{D51A45D5-768C-4CB0-B994-811851E26169}.Release|Any CPU.Build.0 = Release|Any CPU
		{227EB93E-4CBA-4B9A-B1CF-D3C2953E4B66}.Debug|Any CPU.ActiveCfg = Debug|Any CPU
		{227EB93E-4CBA-4B9A-B1CF-D3C2953E4B66}.Debug|Any CPU.Build.0 = Debug|Any CPU
		{227EB93E-4CBA-4B9A-B1CF-D3C2953E4B66}.Release|Any CPU.ActiveCfg = Release|Any CPU
		{227EB93E-4CBA-4B9A-B1CF-D3C2953E4B66}.Release|Any CPU.Build.0 = Release|Any CPU
	EndGlobalSection
EndGlobal
