
Microsoft Visual Studio Solution File, Format Version 12.00
# Visual Studio Version 17
VisualStudioVersion = 17.5.33414.496
MinimumVisualStudioVersion = 10.0.40219.1
Project("{FAE04EC0-301F-11D3-BF4B-00C04F79EFBC}") = "01.PyramidOfNumbers", "01.PyramidOfNumbers\01.PyramidOfNumbers.csproj", "{F396ED00-C64C-48CE-87AB-EE7FF8E68A34}"
EndProject
Project("{FAE04EC0-301F-11D3-BF4B-00C04F79EFBC}") = "02.EqualSumsEvenOddPosition", "02.EqualSumsEvenOddPosition\02.EqualSumsEvenOddPosition.csproj", "{2E60DD33-5A4D-4B2C-A05C-422732AF9BA0}"
EndProject
Project("{FAE04EC0-301F-11D3-BF4B-00C04F79EFBC}") = "03.SumPrimeNonPrime", "03.SumPrimeNonPrime\03.SumPrimeNonPrime.csproj", "{975FB616-EBC4-4254-89A5-AAC5C7296BF5}"
EndProject
Project("{FAE04EC0-301F-11D3-BF4B-00C04F79EFBC}") = "04.TrainTheTrainers", "04.TrainTheTrainers\04.TrainTheTrainers.csproj", "{30A51FB6-0DD0-48B3-879C-FF1597A70AE7}"
EndProject
Project("{FAE04EC0-301F-11D3-BF4B-00C04F79EFBC}") = "05.SpecialNumbers", "05.SpecialNumbers\05.SpecialNumbers.csproj", "{3996B702-48D0-43F9-9AC7-F0F06A231A55}"
EndProject
Project("{FAE04EC0-301F-11D3-BF4B-00C04F79EFBC}") = "06.CinemaTickets", "06.CinemaTickets\06.CinemaTickets.csproj", "{7FEA89EC-58A6-49D1-98F6-1B21FDF16DAE}"
EndProject
Global
	GlobalSection(SolutionConfigurationPlatforms) = preSolution
		Debug|Any CPU = Debug|Any CPU
		Release|Any CPU = Release|Any CPU
	EndGlobalSection
	GlobalSection(ProjectConfigurationPlatforms) = postSolution
		{F396ED00-C64C-48CE-87AB-EE7FF8E68A34}.Debug|Any CPU.ActiveCfg = Debug|Any CPU
		{F396ED00-C64C-48CE-87AB-EE7FF8E68A34}.Debug|Any CPU.Build.0 = Debug|Any CPU
		{F396ED00-C64C-48CE-87AB-EE7FF8E68A34}.Release|Any CPU.ActiveCfg = Release|Any CPU
		{F396ED00-C64C-48CE-87AB-EE7FF8E68A34}.Release|Any CPU.Build.0 = Release|Any CPU
		{2E60DD33-5A4D-4B2C-A05C-422732AF9BA0}.Debug|Any CPU.ActiveCfg = Debug|Any CPU
		{2E60DD33-5A4D-4B2C-A05C-422732AF9BA0}.Debug|Any CPU.Build.0 = Debug|Any CPU
		{2E60DD33-5A4D-4B2C-A05C-422732AF9BA0}.Release|Any CPU.ActiveCfg = Release|Any CPU
		{2E60DD33-5A4D-4B2C-A05C-422732AF9BA0}.Release|Any CPU.Build.0 = Release|Any CPU
		{975FB616-EBC4-4254-89A5-AAC5C7296BF5}.Debug|Any CPU.ActiveCfg = Debug|Any CPU
		{975FB616-EBC4-4254-89A5-AAC5C7296BF5}.Debug|Any CPU.Build.0 = Debug|Any CPU
		{975FB616-EBC4-4254-89A5-AAC5C7296BF5}.Release|Any CPU.ActiveCfg = Release|Any CPU
		{975FB616-EBC4-4254-89A5-AAC5C7296BF5}.Release|Any CPU.Build.0 = Release|Any CPU
		{30A51FB6-0DD0-48B3-879C-FF1597A70AE7}.Debug|Any CPU.ActiveCfg = Debug|Any CPU
		{30A51FB6-0DD0-48B3-879C-FF1597A70AE7}.Debug|Any CPU.Build.0 = Debug|Any CPU
		{30A51FB6-0DD0-48B3-879C-FF1597A70AE7}.Release|Any CPU.ActiveCfg = Release|Any CPU
		{30A51FB6-0DD0-48B3-879C-FF1597A70AE7}.Release|Any CPU.Build.0 = Release|Any CPU
		{3996B702-48D0-43F9-9AC7-F0F06A231A55}.Debug|Any CPU.ActiveCfg = Debug|Any CPU
		{3996B702-48D0-43F9-9AC7-F0F06A231A55}.Debug|Any CPU.Build.0 = Debug|Any CPU
		{3996B702-48D0-43F9-9AC7-F0F06A231A55}.Release|Any CPU.ActiveCfg = Release|Any CPU
		{3996B702-48D0-43F9-9AC7-F0F06A231A55}.Release|Any CPU.Build.0 = Release|Any CPU
		{7FEA89EC-58A6-49D1-98F6-1B21FDF16DAE}.Debug|Any CPU.ActiveCfg = Debug|Any CPU
		{7FEA89EC-58A6-49D1-98F6-1B21FDF16DAE}.Debug|Any CPU.Build.0 = Debug|Any CPU
		{7FEA89EC-58A6-49D1-98F6-1B21FDF16DAE}.Release|Any CPU.ActiveCfg = Release|Any CPU
		{7FEA89EC-58A6-49D1-98F6-1B21FDF16DAE}.Release|Any CPU.Build.0 = Release|Any CPU
	EndGlobalSection
	GlobalSection(SolutionProperties) = preSolution
		HideSolutionNode = FALSE
	EndGlobalSection
	GlobalSection(ExtensibilityGlobals) = postSolution
		SolutionGuid = {5959A052-4092-42CF-9CAA-919596F3E2A3}
	EndGlobalSection
EndGlobal
