
Microsoft Visual Studio Solution File, Format Version 12.00
Project("{FAE04EC0-301F-11D3-BF4B-00C04F79EFBC}") = "_01.PasswordReset", "_01.PasswordReset\_01.PasswordReset.csproj", "{62E6D89B-4960-4DD8-8688-10F25C0AADC4}"
EndProject
Project("{FAE04EC0-301F-11D3-BF4B-00C04F79EFBC}") = "_02. FancyBarcodes", "_02. FancyBarcodes\_02. FancyBarcodes.csproj", "{D3FFEFFA-57A7-4ABA-BFC2-2630018FBA30}"
EndProject
Project("{FAE04EC0-301F-11D3-BF4B-00C04F79EFBC}") = "_03.HeroesofCodeandLogicVII", "_03.HeroesofCodeandLogicVII\_03.HeroesofCodeandLogicVII.csproj", "{C3E7560A-6CC2-4208-BBC8-A7C74CE1B7B8}"
EndProject
Global
	GlobalSection(SolutionConfigurationPlatforms) = preSolution
		Debug|Any CPU = Debug|Any CPU
		Release|Any CPU = Release|Any CPU
	EndGlobalSection
	GlobalSection(ProjectConfigurationPlatforms) = postSolution
		{62E6D89B-4960-4DD8-8688-10F25C0AADC4}.Debug|Any CPU.ActiveCfg = Debug|Any CPU
		{62E6D89B-4960-4DD8-8688-10F25C0AADC4}.Debug|Any CPU.Build.0 = Debug|Any CPU
		{62E6D89B-4960-4DD8-8688-10F25C0AADC4}.Release|Any CPU.ActiveCfg = Release|Any CPU
		{62E6D89B-4960-4DD8-8688-10F25C0AADC4}.Release|Any CPU.Build.0 = Release|Any CPU
		{D3FFEFFA-57A7-4ABA-BFC2-2630018FBA30}.Debug|Any CPU.ActiveCfg = Debug|Any CPU
		{D3FFEFFA-57A7-4ABA-BFC2-2630018FBA30}.Debug|Any CPU.Build.0 = Debug|Any CPU
		{D3FFEFFA-57A7-4ABA-BFC2-2630018FBA30}.Release|Any CPU.ActiveCfg = Release|Any CPU
		{D3FFEFFA-57A7-4ABA-BFC2-2630018FBA30}.Release|Any CPU.Build.0 = Release|Any CPU
		{C3E7560A-6CC2-4208-BBC8-A7C74CE1B7B8}.Debug|Any CPU.ActiveCfg = Debug|Any CPU
		{C3E7560A-6CC2-4208-BBC8-A7C74CE1B7B8}.Debug|Any CPU.Build.0 = Debug|Any CPU
		{C3E7560A-6CC2-4208-BBC8-A7C74CE1B7B8}.Release|Any CPU.ActiveCfg = Release|Any CPU
		{C3E7560A-6CC2-4208-BBC8-A7C74CE1B7B8}.Release|Any CPU.Build.0 = Release|Any CPU
	EndGlobalSection
EndGlobal
