
Microsoft Visual Studio Solution File, Format Version 12.00
Project("{FAE04EC0-301F-11D3-BF4B-00C04F79EFBC}") = "Medicines", "Medicines\Medicines.csproj", "{D35A1CCA-77D1-42BC-B881-9A919386B626}"
EndProject
Global
	GlobalSection(SolutionConfigurationPlatforms) = preSolution
		Debug|Any CPU = Debug|Any CPU
		Release|Any CPU = Release|Any CPU
	EndGlobalSection
	GlobalSection(ProjectConfigurationPlatforms) = postSolution
		{D35A1CCA-77D1-42BC-B881-9A919386B626}.Debug|Any CPU.ActiveCfg = Debug|Any CPU
		{D35A1CCA-77D1-42BC-B881-9A919386B626}.Debug|Any CPU.Build.0 = Debug|Any CPU
		{D35A1CCA-77D1-42BC-B881-9A919386B626}.Release|Any CPU.ActiveCfg = Release|Any CPU
		{D35A1CCA-77D1-42BC-B881-9A919386B626}.Release|Any CPU.Build.0 = Release|Any CPU
	EndGlobalSection
EndGlobal
