
Microsoft Visual Studio Solution File, Format Version 12.00
Project("{FAE04EC0-301F-11D3-BF4B-00C04F79EFBC}") = "ProductShop", "ProductShop\ProductShop.csproj", "{B9F06F90-4606-4F8C-8BEC-6344DEC087E7}"
EndProject
Project("{FAE04EC0-301F-11D3-BF4B-00C04F79EFBC}") = "CarDealer", "CarDealer\CarDealer.csproj", "{F76B8375-A85B-4546-82C2-AE1836D3DF61}"
EndProject
Global
	GlobalSection(SolutionConfigurationPlatforms) = preSolution
		Debug|Any CPU = Debug|Any CPU
		Release|Any CPU = Release|Any CPU
	EndGlobalSection
	GlobalSection(ProjectConfigurationPlatforms) = postSolution
		{B9F06F90-4606-4F8C-8BEC-6344DEC087E7}.Debug|Any CPU.ActiveCfg = Debug|Any CPU
		{B9F06F90-4606-4F8C-8BEC-6344DEC087E7}.Debug|Any CPU.Build.0 = Debug|Any CPU
		{B9F06F90-4606-4F8C-8BEC-6344DEC087E7}.Release|Any CPU.ActiveCfg = Release|Any CPU
		{B9F06F90-4606-4F8C-8BEC-6344DEC087E7}.Release|Any CPU.Build.0 = Release|Any CPU
		{F76B8375-A85B-4546-82C2-AE1836D3DF61}.Debug|Any CPU.ActiveCfg = Debug|Any CPU
		{F76B8375-A85B-4546-82C2-AE1836D3DF61}.Debug|Any CPU.Build.0 = Debug|Any CPU
		{F76B8375-A85B-4546-82C2-AE1836D3DF61}.Release|Any CPU.ActiveCfg = Release|Any CPU
		{F76B8375-A85B-4546-82C2-AE1836D3DF61}.Release|Any CPU.Build.0 = Release|Any CPU
	EndGlobalSection
EndGlobal
