
Microsoft Visual Studio Solution File, Format Version 12.00
# Visual Studio Version 17
VisualStudioVersion = 17.4.33213.308
MinimumVisualStudioVersion = 10.0.40219.1
Project("{FAE04EC0-301F-11D3-BF4B-00C04F79EFBC}") = "01.UsdToBgn", "01.UsdToBgn\01.UsdToBgn.csproj", "{B301C758-D0DF-413B-ADB2-8BB9DF71A06B}"
EndProject
Project("{FAE04EC0-301F-11D3-BF4B-00C04F79EFBC}") = "02.RadiantsToDegrees", "02.RadiantsToDegrees\02.RadiantsToDegrees.csproj", "{FA3E82F9-22EC-4FBA-A616-277616E1D9A5}"
EndProject
Project("{FAE04EC0-301F-11D3-BF4B-00C04F79EFBC}") = "03.DepositCalculator", "03.DepositCalculator\03.DepositCalculator.csproj", "{73F2879E-018F-44D4-8420-D701675EA094}"
EndProject
Project("{FAE04EC0-301F-11D3-BF4B-00C04F79EFBC}") = "04.VacationBooksList", "04.VacationBooksList\04.VacationBooksList.csproj", "{BD5A015A-C1E7-4B85-A8E2-D2577C87DEF5}"
EndProject
Project("{FAE04EC0-301F-11D3-BF4B-00C04F79EFBC}") = "05.SchoolSupplies", "SchoolSupplies\05.SchoolSupplies.csproj", "{C1DFD93C-61F8-4EF8-AAF0-826391CFB7DD}"
EndProject
Project("{FAE04EC0-301F-11D3-BF4B-00C04F79EFBC}") = "06.Repainting", "06.Repainting\06.Repainting.csproj", "{C76634D0-ABD6-4F75-88E4-E06C7A23939C}"
EndProject
Project("{FAE04EC0-301F-11D3-BF4B-00C04F79EFBC}") = "07.FoodDelivery", "07.FoodDelivery\07.FoodDelivery.csproj", "{9E95E92B-D102-4D7D-AECC-19AD73F790FF}"
EndProject
Project("{FAE04EC0-301F-11D3-BF4B-00C04F79EFBC}") = "08.BasketballEquipment", "08.BasketballEquipment\08.BasketballEquipment.csproj", "{E65DA11E-D4C5-46A3-AB8B-7E0A4E2D1AC4}"
EndProject
Project("{FAE04EC0-301F-11D3-BF4B-00C04F79EFBC}") = "09.FishTank", "09.FishTank\09.FishTank.csproj", "{929DA368-4415-4A15-ADC6-A5D8CABF3D1C}"
EndProject
Global
	GlobalSection(SolutionConfigurationPlatforms) = preSolution
		Debug|Any CPU = Debug|Any CPU
		Release|Any CPU = Release|Any CPU
	EndGlobalSection
	GlobalSection(ProjectConfigurationPlatforms) = postSolution
		{B301C758-D0DF-413B-ADB2-8BB9DF71A06B}.Debug|Any CPU.ActiveCfg = Debug|Any CPU
		{B301C758-D0DF-413B-ADB2-8BB9DF71A06B}.Debug|Any CPU.Build.0 = Debug|Any CPU
		{B301C758-D0DF-413B-ADB2-8BB9DF71A06B}.Release|Any CPU.ActiveCfg = Release|Any CPU
		{B301C758-D0DF-413B-ADB2-8BB9DF71A06B}.Release|Any CPU.Build.0 = Release|Any CPU
		{FA3E82F9-22EC-4FBA-A616-277616E1D9A5}.Debug|Any CPU.ActiveCfg = Debug|Any CPU
		{FA3E82F9-22EC-4FBA-A616-277616E1D9A5}.Debug|Any CPU.Build.0 = Debug|Any CPU
		{FA3E82F9-22EC-4FBA-A616-277616E1D9A5}.Release|Any CPU.ActiveCfg = Release|Any CPU
		{FA3E82F9-22EC-4FBA-A616-277616E1D9A5}.Release|Any CPU.Build.0 = Release|Any CPU
		{73F2879E-018F-44D4-8420-D701675EA094}.Debug|Any CPU.ActiveCfg = Debug|Any CPU
		{73F2879E-018F-44D4-8420-D701675EA094}.Debug|Any CPU.Build.0 = Debug|Any CPU
		{73F2879E-018F-44D4-8420-D701675EA094}.Release|Any CPU.ActiveCfg = Release|Any CPU
		{73F2879E-018F-44D4-8420-D701675EA094}.Release|Any CPU.Build.0 = Release|Any CPU
		{BD5A015A-C1E7-4B85-A8E2-D2577C87DEF5}.Debug|Any CPU.ActiveCfg = Debug|Any CPU
		{BD5A015A-C1E7-4B85-A8E2-D2577C87DEF5}.Debug|Any CPU.Build.0 = Debug|Any CPU
		{BD5A015A-C1E7-4B85-A8E2-D2577C87DEF5}.Release|Any CPU.ActiveCfg = Release|Any CPU
		{BD5A015A-C1E7-4B85-A8E2-D2577C87DEF5}.Release|Any CPU.Build.0 = Release|Any CPU
		{C1DFD93C-61F8-4EF8-AAF0-826391CFB7DD}.Debug|Any CPU.ActiveCfg = Debug|Any CPU
		{C1DFD93C-61F8-4EF8-AAF0-826391CFB7DD}.Debug|Any CPU.Build.0 = Debug|Any CPU
		{C1DFD93C-61F8-4EF8-AAF0-826391CFB7DD}.Release|Any CPU.ActiveCfg = Release|Any CPU
		{C1DFD93C-61F8-4EF8-AAF0-826391CFB7DD}.Release|Any CPU.Build.0 = Release|Any CPU
		{C76634D0-ABD6-4F75-88E4-E06C7A23939C}.Debug|Any CPU.ActiveCfg = Debug|Any CPU
		{C76634D0-ABD6-4F75-88E4-E06C7A23939C}.Debug|Any CPU.Build.0 = Debug|Any CPU
		{C76634D0-ABD6-4F75-88E4-E06C7A23939C}.Release|Any CPU.ActiveCfg = Release|Any CPU
		{C76634D0-ABD6-4F75-88E4-E06C7A23939C}.Release|Any CPU.Build.0 = Release|Any CPU
		{9E95E92B-D102-4D7D-AECC-19AD73F790FF}.Debug|Any CPU.ActiveCfg = Debug|Any CPU
		{9E95E92B-D102-4D7D-AECC-19AD73F790FF}.Debug|Any CPU.Build.0 = Debug|Any CPU
		{9E95E92B-D102-4D7D-AECC-19AD73F790FF}.Release|Any CPU.ActiveCfg = Release|Any CPU
		{9E95E92B-D102-4D7D-AECC-19AD73F790FF}.Release|Any CPU.Build.0 = Release|Any CPU
		{E65DA11E-D4C5-46A3-AB8B-7E0A4E2D1AC4}.Debug|Any CPU.ActiveCfg = Debug|Any CPU
		{E65DA11E-D4C5-46A3-AB8B-7E0A4E2D1AC4}.Debug|Any CPU.Build.0 = Debug|Any CPU
		{E65DA11E-D4C5-46A3-AB8B-7E0A4E2D1AC4}.Release|Any CPU.ActiveCfg = Release|Any CPU
		{E65DA11E-D4C5-46A3-AB8B-7E0A4E2D1AC4}.Release|Any CPU.Build.0 = Release|Any CPU
		{929DA368-4415-4A15-ADC6-A5D8CABF3D1C}.Debug|Any CPU.ActiveCfg = Debug|Any CPU
		{929DA368-4415-4A15-ADC6-A5D8CABF3D1C}.Debug|Any CPU.Build.0 = Debug|Any CPU
		{929DA368-4415-4A15-ADC6-A5D8CABF3D1C}.Release|Any CPU.ActiveCfg = Release|Any CPU
		{929DA368-4415-4A15-ADC6-A5D8CABF3D1C}.Release|Any CPU.Build.0 = Release|Any CPU
	EndGlobalSection
	GlobalSection(SolutionProperties) = preSolution
		HideSolutionNode = FALSE
	EndGlobalSection
	GlobalSection(ExtensibilityGlobals) = postSolution
		SolutionGuid = {CE5BEBAD-8F74-4523-A76D-878040462289}
	EndGlobalSection
EndGlobal
