
Microsoft Visual Studio Solution File, Format Version 12.00
Project("{FAE04EC0-301F-11D3-BF4B-00C04F79EFBC}") = "_01.Furniture", "_01.Furniture\_01.Furniture.csproj", "{C3E2B8DD-7401-4484-8D91-B1BDC3B06410}"
EndProject
Project("{FAE04EC0-301F-11D3-BF4B-00C04F79EFBC}") = "_02.Race", "_02.Race\_02.Race.csproj", "{FDBBACD9-7CC8-4B46-AC3C-E8AA7DFC0081}"
EndProject
Project("{FAE04EC0-301F-11D3-BF4B-00C04F79EFBC}") = "_03.SoftUniBarIncome", "_03.SoftUniBarIncome\_03.SoftUniBarIncome.csproj", "{DFF8BEC5-3130-45DB-8C97-CF9D532077F3}"
EndProject
Project("{FAE04EC0-301F-11D3-BF4B-00C04F79EFBC}") = "_04.StarEnigma", "_04.StarEnigma\_04.StarEnigma.csproj", "{98D39901-B883-4EAE-9900-F6E6550C0368}"
EndProject
Project("{FAE04EC0-301F-11D3-BF4B-00C04F79EFBC}") = "_05.NetherRealms", "_05.NetherRealms\_05.NetherRealms.csproj", "{348F4026-F187-4421-A96E-5E851537D272}"
EndProject
Project("{FAE04EC0-301F-11D3-BF4B-00C04F79EFBC}") = "_06.ExtractEmails", "_06.ExtractEmails\_06.ExtractEmails.csproj", "{CC5A49D7-C578-45C6-B1B7-E3B31655DA77}"
EndProject
Global
	GlobalSection(SolutionConfigurationPlatforms) = preSolution
		Debug|Any CPU = Debug|Any CPU
		Release|Any CPU = Release|Any CPU
	EndGlobalSection
	GlobalSection(ProjectConfigurationPlatforms) = postSolution
		{C3E2B8DD-7401-4484-8D91-B1BDC3B06410}.Debug|Any CPU.ActiveCfg = Debug|Any CPU
		{C3E2B8DD-7401-4484-8D91-B1BDC3B06410}.Debug|Any CPU.Build.0 = Debug|Any CPU
		{C3E2B8DD-7401-4484-8D91-B1BDC3B06410}.Release|Any CPU.ActiveCfg = Release|Any CPU
		{C3E2B8DD-7401-4484-8D91-B1BDC3B06410}.Release|Any CPU.Build.0 = Release|Any CPU
		{FDBBACD9-7CC8-4B46-AC3C-E8AA7DFC0081}.Debug|Any CPU.ActiveCfg = Debug|Any CPU
		{FDBBACD9-7CC8-4B46-AC3C-E8AA7DFC0081}.Debug|Any CPU.Build.0 = Debug|Any CPU
		{FDBBACD9-7CC8-4B46-AC3C-E8AA7DFC0081}.Release|Any CPU.ActiveCfg = Release|Any CPU
		{FDBBACD9-7CC8-4B46-AC3C-E8AA7DFC0081}.Release|Any CPU.Build.0 = Release|Any CPU
		{DFF8BEC5-3130-45DB-8C97-CF9D532077F3}.Debug|Any CPU.ActiveCfg = Debug|Any CPU
		{DFF8BEC5-3130-45DB-8C97-CF9D532077F3}.Debug|Any CPU.Build.0 = Debug|Any CPU
		{DFF8BEC5-3130-45DB-8C97-CF9D532077F3}.Release|Any CPU.ActiveCfg = Release|Any CPU
		{DFF8BEC5-3130-45DB-8C97-CF9D532077F3}.Release|Any CPU.Build.0 = Release|Any CPU
		{98D39901-B883-4EAE-9900-F6E6550C0368}.Debug|Any CPU.ActiveCfg = Debug|Any CPU
		{98D39901-B883-4EAE-9900-F6E6550C0368}.Debug|Any CPU.Build.0 = Debug|Any CPU
		{98D39901-B883-4EAE-9900-F6E6550C0368}.Release|Any CPU.ActiveCfg = Release|Any CPU
		{98D39901-B883-4EAE-9900-F6E6550C0368}.Release|Any CPU.Build.0 = Release|Any CPU
		{348F4026-F187-4421-A96E-5E851537D272}.Debug|Any CPU.ActiveCfg = Debug|Any CPU
		{348F4026-F187-4421-A96E-5E851537D272}.Debug|Any CPU.Build.0 = Debug|Any CPU
		{348F4026-F187-4421-A96E-5E851537D272}.Release|Any CPU.ActiveCfg = Release|Any CPU
		{348F4026-F187-4421-A96E-5E851537D272}.Release|Any CPU.Build.0 = Release|Any CPU
		{CC5A49D7-C578-45C6-B1B7-E3B31655DA77}.Debug|Any CPU.ActiveCfg = Debug|Any CPU
		{CC5A49D7-C578-45C6-B1B7-E3B31655DA77}.Debug|Any CPU.Build.0 = Debug|Any CPU
		{CC5A49D7-C578-45C6-B1B7-E3B31655DA77}.Release|Any CPU.ActiveCfg = Release|Any CPU
		{CC5A49D7-C578-45C6-B1B7-E3B31655DA77}.Release|Any CPU.Build.0 = Release|Any CPU
	EndGlobalSection
EndGlobal
