
Microsoft Visual Studio Solution File, Format Version 12.00
Project("{FAE04EC0-301F-11D3-BF4B-00C04F79EFBC}") = "Invoices", "Invoices\Invoices.csproj", "{9861E3FA-FE05-4D97-A8F9-5DA9167A533C}"
EndProject
Global
	GlobalSection(SolutionConfigurationPlatforms) = preSolution
		Debug|Any CPU = Debug|Any CPU
		Release|Any CPU = Release|Any CPU
	EndGlobalSection
	GlobalSection(ProjectConfigurationPlatforms) = postSolution
		{9861E3FA-FE05-4D97-A8F9-5DA9167A533C}.Debug|Any CPU.ActiveCfg = Debug|Any CPU
		{9861E3FA-FE05-4D97-A8F9-5DA9167A533C}.Debug|Any CPU.Build.0 = Debug|Any CPU
		{9861E3FA-FE05-4D97-A8F9-5DA9167A533C}.Release|Any CPU.ActiveCfg = Release|Any CPU
		{9861E3FA-FE05-4D97-A8F9-5DA9167A533C}.Release|Any CPU.Build.0 = Release|Any CPU
	EndGlobalSection
EndGlobal
