
Microsoft Visual Studio Solution File, Format Version 12.00
Project("{FAE04EC0-301F-11D3-BF4B-00C04F79EFBC}") = "_02.Cars", "_02.Cars\_02.Cars.csproj", "{498C95CE-AC8B-4123-9D23-B5D232369164}"
EndProject
Project("{FAE04EC0-301F-11D3-BF4B-00C04F79EFBC}") = "Shapes", "Shapes\Shapes.csproj", "{828FA535-0175-4095-BA5B-14EC87FB268C}"
EndProject
Global
	GlobalSection(SolutionConfigurationPlatforms) = preSolution
		Debug|Any CPU = Debug|Any CPU
		Release|Any CPU = Release|Any CPU
	EndGlobalSection
	GlobalSection(ProjectConfigurationPlatforms) = postSolution
		{498C95CE-AC8B-4123-9D23-B5D232369164}.Debug|Any CPU.ActiveCfg = Debug|Any CPU
		{498C95CE-AC8B-4123-9D23-B5D232369164}.Debug|Any CPU.Build.0 = Debug|Any CPU
		{498C95CE-AC8B-4123-9D23-B5D232369164}.Release|Any CPU.ActiveCfg = Release|Any CPU
		{498C95CE-AC8B-4123-9D23-B5D232369164}.Release|Any CPU.Build.0 = Release|Any CPU
		{828FA535-0175-4095-BA5B-14EC87FB268C}.Debug|Any CPU.ActiveCfg = Debug|Any CPU
		{828FA535-0175-4095-BA5B-14EC87FB268C}.Debug|Any CPU.Build.0 = Debug|Any CPU
		{828FA535-0175-4095-BA5B-14EC87FB268C}.Release|Any CPU.ActiveCfg = Release|Any CPU
		{828FA535-0175-4095-BA5B-14EC87FB268C}.Release|Any CPU.Build.0 = Release|Any CPU
	EndGlobalSection
EndGlobal
