
Microsoft Visual Studio Solution File, Format Version 12.00
Project("{FAE04EC0-301F-11D3-BF4B-00C04F79EFBC}") = "_01.GuinneaPig", "_01.GuinneaPig\_01.GuinneaPig.csproj", "{17473443-2166-430C-912D-3649D6C669D2}"
EndProject
Project("{FAE04EC0-301F-11D3-BF4B-00C04F79EFBC}") = "_02.ShoppingList", "_02.ShoppingList\_02.ShoppingList.csproj", "{235A6437-4598-435C-87BD-81A597F59EB9}"
EndProject
Project("{FAE04EC0-301F-11D3-BF4B-00C04F79EFBC}") = "_03.HeartDelivery", "_03.HeartDelivery\_03.HeartDelivery.csproj", "{D2BFFCE5-4903-46FE-95DD-3891BC41A944}"
EndProject
Global
	GlobalSection(SolutionConfigurationPlatforms) = preSolution
		Debug|Any CPU = Debug|Any CPU
		Release|Any CPU = Release|Any CPU
	EndGlobalSection
	GlobalSection(ProjectConfigurationPlatforms) = postSolution
		{17473443-2166-430C-912D-3649D6C669D2}.Debug|Any CPU.ActiveCfg = Debug|Any CPU
		{17473443-2166-430C-912D-3649D6C669D2}.Debug|Any CPU.Build.0 = Debug|Any CPU
		{17473443-2166-430C-912D-3649D6C669D2}.Release|Any CPU.ActiveCfg = Release|Any CPU
		{17473443-2166-430C-912D-3649D6C669D2}.Release|Any CPU.Build.0 = Release|Any CPU
		{235A6437-4598-435C-87BD-81A597F59EB9}.Debug|Any CPU.ActiveCfg = Debug|Any CPU
		{235A6437-4598-435C-87BD-81A597F59EB9}.Debug|Any CPU.Build.0 = Debug|Any CPU
		{235A6437-4598-435C-87BD-81A597F59EB9}.Release|Any CPU.ActiveCfg = Release|Any CPU
		{235A6437-4598-435C-87BD-81A597F59EB9}.Release|Any CPU.Build.0 = Release|Any CPU
		{D2BFFCE5-4903-46FE-95DD-3891BC41A944}.Debug|Any CPU.ActiveCfg = Debug|Any CPU
		{D2BFFCE5-4903-46FE-95DD-3891BC41A944}.Debug|Any CPU.Build.0 = Debug|Any CPU
		{D2BFFCE5-4903-46FE-95DD-3891BC41A944}.Release|Any CPU.ActiveCfg = Release|Any CPU
		{D2BFFCE5-4903-46FE-95DD-3891BC41A944}.Release|Any CPU.Build.0 = Release|Any CPU
	EndGlobalSection
EndGlobal
